
Microsoft Visual Studio Solution File, Format Version 12.00
# Visual Studio 15
VisualStudioVersion = 15.0.28307.539
MinimumVisualStudioVersion = 10.0.40219.1
Project("{FAE04EC0-301F-11D3-BF4B-00C04F79EFBC}") = "Vitamin", "Vitamin\Vitamin.csproj", "{35426B7F-29A0-4C5C-AC06-B2DF170EBEC2}"
EndProject
Project("{FAE04EC0-301F-11D3-BF4B-00C04F79EFBC}") = "Sort", "Sort\Sort.csproj", "{7204C58A-548D-4835-94B1-DDC2E0390DB8}"
EndProject
Project("{FAE04EC0-301F-11D3-BF4B-00C04F79EFBC}") = "Search", "Search\Search.csproj", "{7AC26CF3-1747-4F8F-BD77-A72B6B6F21EF}"
EndProject
Project("{FAE04EC0-301F-11D3-BF4B-00C04F79EFBC}") = "Hashtable", "Hashtable\Hashtable.csproj", "{0CF2FB40-F42C-4F27-8B21-24CAB3DC48E2}"
EndProject
Project("{FAE04EC0-301F-11D3-BF4B-00C04F79EFBC}") = "LinkedList", "LinkedList\LinkedList.csproj", "{7ECB59C7-2953-4FBF-B8FC-3C269423FCD1}"
EndProject
Project("{FAE04EC0-301F-11D3-BF4B-00C04F79EFBC}") = "UnitTest", "UnitTest\UnitTest.csproj", "{717FDADC-0AFF-49E2-A61F-180E17F058F1}"
EndProject
Global
	GlobalSection(SolutionConfigurationPlatforms) = preSolution
		Debug|Any CPU = Debug|Any CPU
		Debug|x64 = Debug|x64
		Debug|x86 = Debug|x86
		Release|Any CPU = Release|Any CPU
		Release|x64 = Release|x64
		Release|x86 = Release|x86
	EndGlobalSection
	GlobalSection(ProjectConfigurationPlatforms) = postSolution
		{35426B7F-29A0-4C5C-AC06-B2DF170EBEC2}.Debug|Any CPU.ActiveCfg = Debug|Any CPU
		{35426B7F-29A0-4C5C-AC06-B2DF170EBEC2}.Debug|Any CPU.Build.0 = Debug|Any CPU
		{35426B7F-29A0-4C5C-AC06-B2DF170EBEC2}.Debug|x64.ActiveCfg = Debug|Any CPU
		{35426B7F-29A0-4C5C-AC06-B2DF170EBEC2}.Debug|x64.Build.0 = Debug|Any CPU
		{35426B7F-29A0-4C5C-AC06-B2DF170EBEC2}.Debug|x86.ActiveCfg = Debug|Any CPU
		{35426B7F-29A0-4C5C-AC06-B2DF170EBEC2}.Debug|x86.Build.0 = Debug|Any CPU
		{35426B7F-29A0-4C5C-AC06-B2DF170EBEC2}.Release|Any CPU.ActiveCfg = Release|Any CPU
		{35426B7F-29A0-4C5C-AC06-B2DF170EBEC2}.Release|Any CPU.Build.0 = Release|Any CPU
		{35426B7F-29A0-4C5C-AC06-B2DF170EBEC2}.Release|x64.ActiveCfg = Release|Any CPU
		{35426B7F-29A0-4C5C-AC06-B2DF170EBEC2}.Release|x64.Build.0 = Release|Any CPU
		{35426B7F-29A0-4C5C-AC06-B2DF170EBEC2}.Release|x86.ActiveCfg = Release|Any CPU
		{35426B7F-29A0-4C5C-AC06-B2DF170EBEC2}.Release|x86.Build.0 = Release|Any CPU
		{7204C58A-548D-4835-94B1-DDC2E0390DB8}.Debug|Any CPU.ActiveCfg = Debug|Any CPU
		{7204C58A-548D-4835-94B1-DDC2E0390DB8}.Debug|Any CPU.Build.0 = Debug|Any CPU
		{7204C58A-548D-4835-94B1-DDC2E0390DB8}.Debug|x64.ActiveCfg = Debug|Any CPU
		{7204C58A-548D-4835-94B1-DDC2E0390DB8}.Debug|x64.Build.0 = Debug|Any CPU
		{7204C58A-548D-4835-94B1-DDC2E0390DB8}.Debug|x86.ActiveCfg = Debug|Any CPU
		{7204C58A-548D-4835-94B1-DDC2E0390DB8}.Debug|x86.Build.0 = Debug|Any CPU
		{7204C58A-548D-4835-94B1-DDC2E0390DB8}.Release|Any CPU.ActiveCfg = Release|Any CPU
		{7204C58A-548D-4835-94B1-DDC2E0390DB8}.Release|Any CPU.Build.0 = Release|Any CPU
		{7204C58A-548D-4835-94B1-DDC2E0390DB8}.Release|x64.ActiveCfg = Release|Any CPU
		{7204C58A-548D-4835-94B1-DDC2E0390DB8}.Release|x64.Build.0 = Release|Any CPU
		{7204C58A-548D-4835-94B1-DDC2E0390DB8}.Release|x86.ActiveCfg = Release|Any CPU
		{7204C58A-548D-4835-94B1-DDC2E0390DB8}.Release|x86.Build.0 = Release|Any CPU
		{7AC26CF3-1747-4F8F-BD77-A72B6B6F21EF}.Debug|Any CPU.ActiveCfg = Debug|Any CPU
		{7AC26CF3-1747-4F8F-BD77-A72B6B6F21EF}.Debug|Any CPU.Build.0 = Debug|Any CPU
		{7AC26CF3-1747-4F8F-BD77-A72B6B6F21EF}.Debug|x64.ActiveCfg = Debug|Any CPU
		{7AC26CF3-1747-4F8F-BD77-A72B6B6F21EF}.Debug|x64.Build.0 = Debug|Any CPU
		{7AC26CF3-1747-4F8F-BD77-A72B6B6F21EF}.Debug|x86.ActiveCfg = Debug|Any CPU
		{7AC26CF3-1747-4F8F-BD77-A72B6B6F21EF}.Debug|x86.Build.0 = Debug|Any CPU
		{7AC26CF3-1747-4F8F-BD77-A72B6B6F21EF}.Release|Any CPU.ActiveCfg = Release|Any CPU
		{7AC26CF3-1747-4F8F-BD77-A72B6B6F21EF}.Release|Any CPU.Build.0 = Release|Any CPU
		{7AC26CF3-1747-4F8F-BD77-A72B6B6F21EF}.Release|x64.ActiveCfg = Release|Any CPU
		{7AC26CF3-1747-4F8F-BD77-A72B6B6F21EF}.Release|x64.Build.0 = Release|Any CPU
		{7AC26CF3-1747-4F8F-BD77-A72B6B6F21EF}.Release|x86.ActiveCfg = Release|Any CPU
		{7AC26CF3-1747-4F8F-BD77-A72B6B6F21EF}.Release|x86.Build.0 = Release|Any CPU
		{0CF2FB40-F42C-4F27-8B21-24CAB3DC48E2}.Debug|Any CPU.ActiveCfg = Debug|Any CPU
		{0CF2FB40-F42C-4F27-8B21-24CAB3DC48E2}.Debug|Any CPU.Build.0 = Debug|Any CPU
		{0CF2FB40-F42C-4F27-8B21-24CAB3DC48E2}.Debug|x64.ActiveCfg = Debug|Any CPU
		{0CF2FB40-F42C-4F27-8B21-24CAB3DC48E2}.Debug|x64.Build.0 = Debug|Any CPU
		{0CF2FB40-F42C-4F27-8B21-24CAB3DC48E2}.Debug|x86.ActiveCfg = Debug|Any CPU
		{0CF2FB40-F42C-4F27-8B21-24CAB3DC48E2}.Debug|x86.Build.0 = Debug|Any CPU
		{0CF2FB40-F42C-4F27-8B21-24CAB3DC48E2}.Release|Any CPU.ActiveCfg = Release|Any CPU
		{0CF2FB40-F42C-4F27-8B21-24CAB3DC48E2}.Release|Any CPU.Build.0 = Release|Any CPU
		{0CF2FB40-F42C-4F27-8B21-24CAB3DC48E2}.Release|x64.ActiveCfg = Release|Any CPU
		{0CF2FB40-F42C-4F27-8B21-24CAB3DC48E2}.Release|x64.Build.0 = Release|Any CPU
		{0CF2FB40-F42C-4F27-8B21-24CAB3DC48E2}.Release|x86.ActiveCfg = Release|Any CPU
		{0CF2FB40-F42C-4F27-8B21-24CAB3DC48E2}.Release|x86.Build.0 = Release|Any CPU
		{7ECB59C7-2953-4FBF-B8FC-3C269423FCD1}.Debug|Any CPU.ActiveCfg = Debug|Any CPU
		{7ECB59C7-2953-4FBF-B8FC-3C269423FCD1}.Debug|Any CPU.Build.0 = Debug|Any CPU
		{7ECB59C7-2953-4FBF-B8FC-3C269423FCD1}.Debug|x64.ActiveCfg = Debug|Any CPU
		{7ECB59C7-2953-4FBF-B8FC-3C269423FCD1}.Debug|x64.Build.0 = Debug|Any CPU
		{7ECB59C7-2953-4FBF-B8FC-3C269423FCD1}.Debug|x86.ActiveCfg = Debug|Any CPU
		{7ECB59C7-2953-4FBF-B8FC-3C269423FCD1}.Debug|x86.Build.0 = Debug|Any CPU
		{7ECB59C7-2953-4FBF-B8FC-3C269423FCD1}.Release|Any CPU.ActiveCfg = Release|Any CPU
		{7ECB59C7-2953-4FBF-B8FC-3C269423FCD1}.Release|Any CPU.Build.0 = Release|Any CPU
		{7ECB59C7-2953-4FBF-B8FC-3C269423FCD1}.Release|x64.ActiveCfg = Release|Any CPU
		{7ECB59C7-2953-4FBF-B8FC-3C269423FCD1}.Release|x64.Build.0 = Release|Any CPU
		{7ECB59C7-2953-4FBF-B8FC-3C269423FCD1}.Release|x86.ActiveCfg = Release|Any CPU
		{7ECB59C7-2953-4FBF-B8FC-3C269423FCD1}.Release|x86.Build.0 = Release|Any CPU
		{717FDADC-0AFF-49E2-A61F-180E17F058F1}.Debug|Any CPU.ActiveCfg = Debug|Any CPU
		{717FDADC-0AFF-49E2-A61F-180E17F058F1}.Debug|Any CPU.Build.0 = Debug|Any CPU
		{717FDADC-0AFF-49E2-A61F-180E17F058F1}.Debug|x64.ActiveCfg = Debug|Any CPU
		{717FDADC-0AFF-49E2-A61F-180E17F058F1}.Debug|x64.Build.0 = Debug|Any CPU
		{717FDADC-0AFF-49E2-A61F-180E17F058F1}.Debug|x86.ActiveCfg = Debug|Any CPU
		{717FDADC-0AFF-49E2-A61F-180E17F058F1}.Debug|x86.Build.0 = Debug|Any CPU
		{717FDADC-0AFF-49E2-A61F-180E17F058F1}.Release|Any CPU.ActiveCfg = Release|Any CPU
		{717FDADC-0AFF-49E2-A61F-180E17F058F1}.Release|Any CPU.Build.0 = Release|Any CPU
		{717FDADC-0AFF-49E2-A61F-180E17F058F1}.Release|x64.ActiveCfg = Release|Any CPU
		{717FDADC-0AFF-49E2-A61F-180E17F058F1}.Release|x64.Build.0 = Release|Any CPU
		{717FDADC-0AFF-49E2-A61F-180E17F058F1}.Release|x86.ActiveCfg = Release|Any CPU
		{717FDADC-0AFF-49E2-A61F-180E17F058F1}.Release|x86.Build.0 = Release|Any CPU
	EndGlobalSection
	GlobalSection(SolutionProperties) = preSolution
		HideSolutionNode = FALSE
	EndGlobalSection
	GlobalSection(ExtensibilityGlobals) = postSolution
		SolutionGuid = {505146C5-8797-4D06-83F3-8B56A0D5065A}
	EndGlobalSection
EndGlobal
